
Microsoft Visual Studio Solution File, Format Version 12.00
Project("{2150E333-8FDC-42A3-9474-1A3956D46DE8}") = "Src", "Src", "{035BD00D-73AE-4FB7-9A81-DA2A6E75DF43}"
EndProject
Project("{FAE04EC0-301F-11D3-BF4B-00C04F79EFBC}") = "Domain", "Src\Domain\Domain.csproj", "{08F62E89-068B-4F1F-82AE-6F9C88B77817}"
EndProject
Project("{FAE04EC0-301F-11D3-BF4B-00C04F79EFBC}") = "Application", "Src\Application\Application.csproj", "{3474F652-6422-47A3-95BB-6692BADF83A7}"
EndProject
Project("{FAE04EC0-301F-11D3-BF4B-00C04F79EFBC}") = "Infrastructure", "Src\Infrastructure\Infrastructure.csproj", "{470C10DC-AF58-4EBB-A9FB-300FD56366A2}"
EndProject
Project("{FAE04EC0-301F-11D3-BF4B-00C04F79EFBC}") = "Web", "Src\Web\Web.csproj", "{7BB22607-1B6A-4E83-84AB-F210909E88B8}"
EndProject
Project("{2150E333-8FDC-42A3-9474-1A3956D46DE8}") = "Db", "Db", "{1D4C1AD1-8003-49BF-89C6-F59A7E55EF72}"
EndProject
Project("{FAE04EC0-301F-11D3-BF4B-00C04F79EFBC}") = "Sync", "Db\Sync\Sync.csproj", "{81824371-BC94-49F4-B501-074318B4F420}"
EndProject
Global
	GlobalSection(SolutionConfigurationPlatforms) = preSolution
		Debug|Any CPU = Debug|Any CPU
		Release|Any CPU = Release|Any CPU
	EndGlobalSection
	GlobalSection(NestedProjects) = preSolution
		{08F62E89-068B-4F1F-82AE-6F9C88B77817} = {035BD00D-73AE-4FB7-9A81-DA2A6E75DF43}
		{3474F652-6422-47A3-95BB-6692BADF83A7} = {035BD00D-73AE-4FB7-9A81-DA2A6E75DF43}
		{470C10DC-AF58-4EBB-A9FB-300FD56366A2} = {035BD00D-73AE-4FB7-9A81-DA2A6E75DF43}
		{7BB22607-1B6A-4E83-84AB-F210909E88B8} = {035BD00D-73AE-4FB7-9A81-DA2A6E75DF43}
		{81824371-BC94-49F4-B501-074318B4F420} = {1D4C1AD1-8003-49BF-89C6-F59A7E55EF72}
	EndGlobalSection
	GlobalSection(ProjectConfigurationPlatforms) = postSolution
		{08F62E89-068B-4F1F-82AE-6F9C88B77817}.Debug|Any CPU.ActiveCfg = Debug|Any CPU
		{08F62E89-068B-4F1F-82AE-6F9C88B77817}.Debug|Any CPU.Build.0 = Debug|Any CPU
		{08F62E89-068B-4F1F-82AE-6F9C88B77817}.Release|Any CPU.ActiveCfg = Release|Any CPU
		{08F62E89-068B-4F1F-82AE-6F9C88B77817}.Release|Any CPU.Build.0 = Release|Any CPU
		{3474F652-6422-47A3-95BB-6692BADF83A7}.Debug|Any CPU.ActiveCfg = Debug|Any CPU
		{3474F652-6422-47A3-95BB-6692BADF83A7}.Debug|Any CPU.Build.0 = Debug|Any CPU
		{3474F652-6422-47A3-95BB-6692BADF83A7}.Release|Any CPU.ActiveCfg = Release|Any CPU
		{3474F652-6422-47A3-95BB-6692BADF83A7}.Release|Any CPU.Build.0 = Release|Any CPU
		{470C10DC-AF58-4EBB-A9FB-300FD56366A2}.Debug|Any CPU.ActiveCfg = Debug|Any CPU
		{470C10DC-AF58-4EBB-A9FB-300FD56366A2}.Debug|Any CPU.Build.0 = Debug|Any CPU
		{470C10DC-AF58-4EBB-A9FB-300FD56366A2}.Release|Any CPU.ActiveCfg = Release|Any CPU
		{470C10DC-AF58-4EBB-A9FB-300FD56366A2}.Release|Any CPU.Build.0 = Release|Any CPU
		{7BB22607-1B6A-4E83-84AB-F210909E88B8}.Debug|Any CPU.ActiveCfg = Debug|Any CPU
		{7BB22607-1B6A-4E83-84AB-F210909E88B8}.Debug|Any CPU.Build.0 = Debug|Any CPU
		{7BB22607-1B6A-4E83-84AB-F210909E88B8}.Release|Any CPU.ActiveCfg = Release|Any CPU
		{7BB22607-1B6A-4E83-84AB-F210909E88B8}.Release|Any CPU.Build.0 = Release|Any CPU
		{81824371-BC94-49F4-B501-074318B4F420}.Debug|Any CPU.ActiveCfg = Debug|Any CPU
		{81824371-BC94-49F4-B501-074318B4F420}.Debug|Any CPU.Build.0 = Debug|Any CPU
		{81824371-BC94-49F4-B501-074318B4F420}.Release|Any CPU.ActiveCfg = Release|Any CPU
		{81824371-BC94-49F4-B501-074318B4F420}.Release|Any CPU.Build.0 = Release|Any CPU
	EndGlobalSection
EndGlobal
